
Microsoft Visual Studio Solution File, Format Version 12.00
# Visual Studio 15
VisualStudioVersion = 15.0.28307.1758
MinimumVisualStudioVersion = 10.0.40219.1
Project("{FAE04EC0-301F-11D3-BF4B-00C04F79EFBC}") = "AssemblyCreator", "AssemblyCreator\AssemblyCreator.csproj", "{DC04DAF9-51DD-47A1-8224-007494991E45}"
EndProject
Global
	GlobalSection(SolutionConfigurationPlatforms) = preSolution
		Debug|Any CPU = Debug|Any CPU
		Release|Any CPU = Release|Any CPU
	EndGlobalSection
	GlobalSection(ProjectConfigurationPlatforms) = postSolution
		{DC04DAF9-51DD-47A1-8224-007494991E45}.Debug|Any CPU.ActiveCfg = Debug|Any CPU
		{DC04DAF9-51DD-47A1-8224-007494991E45}.Debug|Any CPU.Build.0 = Debug|Any CPU
		{DC04DAF9-51DD-47A1-8224-007494991E45}.Release|Any CPU.ActiveCfg = Release|Any CPU
		{DC04DAF9-51DD-47A1-8224-007494991E45}.Release|Any CPU.Build.0 = Release|Any CPU
	EndGlobalSection
	GlobalSection(SolutionProperties) = preSolution
		HideSolutionNode = FALSE
	EndGlobalSection
	GlobalSection(ExtensibilityGlobals) = postSolution
		SolutionGuid = {95AEEB4C-861A-486B-AFA4-6D2E9C5EB3D8}
	EndGlobalSection
EndGlobal
